{
  "name": "vanilla-framework-svelte",
  "requires": true,
  "lockfileVersion": 1,
  "dependencies": {
    "vanilla-framework": {
      "version": "2.14.1",
      "resolved": "https://registry.npmjs.org/vanilla-framework/-/vanilla-framework-2.14.1.tgz",
      "integrity": "sha512-AHqqvbixiCKW6pHxsYh2WXPNMWvpiE0BNPxpFLP+mNigISGKghv+TB/OzJFhozfz2Zub+uGrlPjN2ysPON9G9w=="
    }
  }
}
